
Microsoft Visual Studio Solution File, Format Version 12.00
# Visual Studio Version 16
VisualStudioVersion = 16.0.29613.14
MinimumVisualStudioVersion = 10.0.40219.1
Project("{FAE04EC0-301F-11D3-BF4B-00C04F79EFBC}") = "Final Version Rekengame", "Final Version Rekengame\Final Version Rekengame.csproj", "{B4B4432C-369C-406E-9E72-9E18A7B41D53}"
EndProject
Global
	GlobalSection(SolutionConfigurationPlatforms) = preSolution
		Debug|Any CPU = Debug|Any CPU
		Release|Any CPU = Release|Any CPU
	EndGlobalSection
	GlobalSection(ProjectConfigurationPlatforms) = postSolution
		{B4B4432C-369C-406E-9E72-9E18A7B41D53}.Debug|Any CPU.ActiveCfg = Debug|Any CPU
		{B4B4432C-369C-406E-9E72-9E18A7B41D53}.Debug|Any CPU.Build.0 = Debug|Any CPU
		{B4B4432C-369C-406E-9E72-9E18A7B41D53}.Release|Any CPU.ActiveCfg = Release|Any CPU
		{B4B4432C-369C-406E-9E72-9E18A7B41D53}.Release|Any CPU.Build.0 = Release|Any CPU
	EndGlobalSection
	GlobalSection(SolutionProperties) = preSolution
		HideSolutionNode = FALSE
	EndGlobalSection
	GlobalSection(ExtensibilityGlobals) = postSolution
		SolutionGuid = {BD9C5CCB-AC72-4102-9753-73F63623972B}
	EndGlobalSection
EndGlobal
